// !$*UTF8*$!
{
	archiveVersion = 1;
	classes = {
	};
	objectVersion = 50;
	objects = {

/* Begin PBXBuildFile section */
		44A60C58247F91E4007EF966 /* AppDelegate.m in Sources */ = {isa = PBXBuildFile; fileRef = 44A60C57247F91E4007EF966 /* AppDelegate.m */; };
		44A60C5B247F91E4007EF966 /* SceneDelegate.m in Sources */ = {isa = PBXBuildFile; fileRef = 44A60C5A247F91E4007EF966 /* SceneDelegate.m */; };
		44A60C5E247F91E4007EF966 /* ViewController.m in Sources */ = {isa = PBXBuildFile; fileRef = 44A60C5D247F91E4007EF966 /* ViewController.m */; };
		44A60C61247F91E4007EF966 /* Main.storyboard in Resources */ = {isa = PBXBuildFile; fileRef = 44A60C5F247F91E4007EF966 /* Main.storyboard */; };
		44A60C63247F91E8007EF966 /* Assets.xcassets in Resources */ = {isa = PBXBuildFile; fileRef = 44A60C62247F91E8007EF966 /* Assets.xcassets */; };
		44A60C66247F91E8007EF966 /* LaunchScreen.storyboard in Resources */ = {isa = PBXBuildFile; fileRef = 44A60C64247F91E8007EF966 /* LaunchScreen.storyboard */; };
		44A60C69247F91E8007EF966 /* main.m in Sources */ = {isa = PBXBuildFile; fileRef = 44A60C68247F91E8007EF966 /* main.m */; };
		44A60C73247F9344007EF966 /* DeviceEngine.m in Sources */ = {isa = PBXBuildFile; fileRef = 44A60C72247F9344007EF966 /* DeviceEngine.m */; };
/* End PBXBuildFile section */

/* Begin PBXFileReference section */
		44A60C53247F91E4007EF966 /* RWDeviceEngine.app */ = {isa = PBXFileReference; explicitFileType = wrapper.application; includeInIndex = 0; path = RWDeviceEngine.app; sourceTree = BUILT_PRODUCTS_DIR; };
		44A60C56247F91E4007EF966 /* AppDelegate.h */ = {isa = PBXFileReference; lastKnownFileType = sourcecode.c.h; path = AppDelegate.h; sourceTree = "<group>"; };
		44A60C57247F91E4007EF966 /* AppDelegate.m */ = {isa = PBXFileReference; lastKnownFileType = sourcecode.c.objc; path = AppDelegate.m; sourceTree = "<group>"; };
		44A60C59247F91E4007EF966 /* SceneDelegate.h */ = {isa = PBXFileReference; lastKnownFileType = sourcecode.c.h; path = SceneDelegate.h; sourceTree = "<group>"; };
		44A60C5A247F91E4007EF966 /* SceneDelegate.m */ = {isa = PBXFileReference; lastKnownFileType = sourcecode.c.objc; path = SceneDelegate.m; sourceTree = "<group>"; };
		44A60C5C247F91E4007EF966 /* ViewController.h */ = {isa = PBXFileReference; lastKnownFileType = sourcecode.c.h; path = ViewController.h; sourceTree = "<group>"; };
		44A60C5D247F91E4007EF966 /* ViewController.m */ = {isa = PBXFileReference; lastKnownFileType = sourcecode.c.objc; path = ViewController.m; sourceTree = "<group>"; };
		44A60C60247F91E4007EF966 /* Base */ = {isa = PBXFileReference; lastKnownFileType = file.storyboard; name = Base; path = Base.lproj/Main.storyboard; sourceTree = "<group>"; };
		44A60C62247F91E8007EF966 /* Assets.xcassets */ = {isa = PBXFileReference; lastKnownFileType = folder.assetcatalog; path = Assets.xcassets; sourceTree = "<group>"; };
		44A60C65247F91E8007EF966 /* Base */ = {isa = PBXFileReference; lastKnownFileType = file.storyboard; name = Base; path = Base.lproj/LaunchScreen.storyboard; sourceTree = "<group>"; };
		44A60C67247F91E8007EF966 /* Info.plist */ = {isa = PBXFileReference; lastKnownFileType = text.plist.xml; path = Info.plist; sourceTree = "<group>"; };
		44A60C68247F91E8007EF966 /* main.m */ = {isa = PBXFileReference; lastKnownFileType = sourcecode.c.objc; path = main.m; sourceTree = "<group>"; };
		44A60C71247F9344007EF966 /* DeviceEngine.h */ = {isa = PBXFileReference; lastKnownFileType = sourcecode.c.h; path = DeviceEngine.h; sourceTree = "<group>"; };
		44A60C72247F9344007EF966 /* DeviceEngine.m */ = {isa = PBXFileReference; lastKnownFileType = sourcecode.c.objc; path = DeviceEngine.m; sourceTree = "<group>"; };
/* End PBXFileReference section */

/* Begin PBXFrameworksBuildPhase section */
		44A60C50247F91E4007EF966 /* Frameworks */ = {
			isa = PBXFrameworksBuildPhase;
			buildActionMask = 2147483647;
			files = (
			);
			runOnlyForDeploymentPostprocessing = 0;
		};
/* End PBXFrameworksBuildPhase section */

/* Begin PBXGroup section */
		44A60C4A247F91E4007EF966 = {
			isa = PBXGroup;
			children = (
				44A60C55247F91E4007EF966 /* RWDeviceEngine */,
				44A60C54247F91E4007EF966 /* Products */,
			);
			sourceTree = "<group>";
		};
		44A60C54247F91E4007EF966 /* Products */ = {
			isa = PBXGroup;
			children = (
				44A60C53247F91E4007EF966 /* RWDeviceEngine.app */,
			);
			name = Products;
			sourceTree = "<group>";
		};
		44A60C55247F91E4007EF966 /* RWDeviceEngine */ = {
			isa = PBXGroup;
			children = (
				44A60C6F247F924F007EF966 /* DeviceEngine */,
				44A60C56247F91E4007EF966 /* AppDelegate.h */,
				44A60C57247F91E4007EF966 /* AppDelegate.m */,
				44A60C59247F91E4007EF966 /* SceneDelegate.h */,
				44A60C5A247F91E4007EF966 /* SceneDelegate.m */,
				44A60C5C247F91E4007EF966 /* ViewController.h */,
				44A60C5D247F91E4007EF966 /* ViewController.m */,
				44A60C5F247F91E4007EF966 /* Main.storyboard */,
				44A60C62247F91E8007EF966 /* Assets.xcassets */,
				44A60C64247F91E8007EF966 /* LaunchScreen.storyboard */,
				44A60C67247F91E8007EF966 /* Info.plist */,
				44A60C68247F91E8007EF966 /* main.m */,
			);
			path = RWDeviceEngine;
			sourceTree = "<group>";
		};
		44A60C6F247F924F007EF966 /* DeviceEngine */ = {
			isa = PBXGroup;
			children = (
				44A60C71247F9344007EF966 /* DeviceEngine.h */,
				44A60C72247F9344007EF966 /* DeviceEngine.m */,
			);
			path = DeviceEngine;
			sourceTree = "<group>";
		};
/* End PBXGroup section */

/* Begin PBXNativeTarget section */
		44A60C52247F91E4007EF966 /* RWDeviceEngine */ = {
			isa = PBXNativeTarget;
			buildConfigurationList = 44A60C6C247F91E8007EF966 /* Build configuration list for PBXNativeTarget "RWDeviceEngine" */;
			buildPhases = (
				44A60C4F247F91E4007EF966 /* Sources */,
				44A60C50247F91E4007EF966 /* Frameworks */,
				44A60C51247F91E4007EF966 /* Resources */,
			);
			buildRules = (
			);
			dependencies = (
			);
			name = RWDeviceEngine;
			productName = RWDeviceEngine;
			productReference = 44A60C53247F91E4007EF966 /* RWDeviceEngine.app */;
			productType = "com.apple.product-type.application";
		};
/* End PBXNativeTarget section */

/* Begin PBXProject section */
		44A60C4B247F91E4007EF966 /* Project object */ = {
			isa = PBXProject;
			attributes = {
				LastUpgradeCheck = 1130;
				ORGANIZATIONNAME = "曾云";
				TargetAttributes = {
					44A60C52247F91E4007EF966 = {
						CreatedOnToolsVersion = 11.3.1;
					};
				};
			};
			buildConfigurationList = 44A60C4E247F91E4007EF966 /* Build configuration list for PBXProject "RWDeviceEngine" */;
			compatibilityVersion = "Xcode 9.3";
			developmentRegion = en;
			hasScannedForEncodings = 0;
			knownRegions = (
				en,
				Base,
			);
			mainGroup = 44A60C4A247F91E4007EF966;
			productRefGroup = 44A60C54247F91E4007EF966 /* Products */;
			projectDirPath = "";
			projectRoot = "";
			targets = (
				44A60C52247F91E4007EF966 /* RWDeviceEngine */,
			);
		};
/* End PBXProject section */

/* Begin PBXResourcesBuildPhase section */
		44A60C51247F91E4007EF966 /* Resources */ = {
			isa = PBXResourcesBuildPhase;
			buildActionMask = 2147483647;
			files = (
				44A60C66247F91E8007EF966 /* LaunchScreen.storyboard in Resources */,
				44A60C63247F91E8007EF966 /* Assets.xcassets in Resources */,
				44A60C61247F91E4007EF966 /* Main.storyboard in Resources */,
			);
			runOnlyForDeploymentPostprocessing = 0;
		};
/* End PBXResourcesBuildPhase section */

/* Begin PBXSourcesBuildPhase section */
		44A60C4F247F91E4007EF966 /* Sources */ = {
			isa = PBXSourcesBuildPhase;
			buildActionMask = 2147483647;
			files = (
				44A60C5E247F91E4007EF966 /* ViewController.m in Sources */,
				44A60C58247F91E4007EF966 /* AppDelegate.m in Sources */,
				44A60C73247F9344007EF966 /* DeviceEngine.m in Sources */,
				44A60C69247F91E8007EF966 /* main.m in Sources */,
				44A60C5B247F91E4007EF966 /* SceneDelegate.m in Sources */,
			);
			runOnlyForDeploymentPostprocessing = 0;
		};
/* End PBXSourcesBuildPhase section */

/* Begin PBXVariantGroup section */
		44A60C5F247F91E4007EF966 /* Main.storyboard */ = {
			isa = PBXVariantGroup;
			children = (
				44A60C60247F91E4007EF966 /* Base */,
			);
			name = Main.storyboard;
			sourceTree = "<group>";
		};
		44A60C64247F91E8007EF966 /* LaunchScreen.storyboard */ = {
			isa = PBXVariantGroup;
			children = (
				44A60C65247F91E8007EF966 /* Base */,
			);
			name = LaunchScreen.storyboard;
			sourceTree = "<group>";
		};
/* End PBXVariantGroup section */

/* Begin XCBuildConfiguration section */
		44A60C6A247F91E8007EF966 /* Debug */ = {
			isa = XCBuildConfiguration;
			buildSettings = {
				ALWAYS_SEARCH_USER_PATHS = NO;
				CLANG_ANALYZER_NONNULL = YES;
				CLANG_ANALYZER_NUMBER_OBJECT_CONVERSION = YES_AGGRESSIVE;
				CLANG_CXX_LANGUAGE_STANDARD = "gnu++14";
				CLANG_CXX_LIBRARY = "libc++";
				CLANG_ENABLE_MODULES = YES;
				CLANG_ENABLE_OBJC_ARC = YES;
				CLANG_ENABLE_OBJC_WEAK = YES;
				CLANG_WARN_BLOCK_CAPTURE_AUTORELEASING = YES;
				CLANG_WARN_BOOL_CONVERSION = YES;
				CLANG_WARN_COMMA = YES;
				CLANG_WARN_CONSTANT_CONVERSION = YES;
				CLANG_WARN_DEPRECATED_OBJC_IMPLEMENTATIONS = YES;
				CLANG_WARN_DIRECT_OBJC_ISA_USAGE = YES_ERROR;
				CLANG_WARN_DOCUMENTATION_COMMENTS = YES;
				CLANG_WARN_EMPTY_BODY = YES;
				CLANG_WARN_ENUM_CONVERSION = YES;
				CLANG_WARN_INFINITE_RECURSION = YES;
				CLANG_WARN_INT_CONVERSION = YES;
				CLANG_WARN_NON_LITERAL_NULL_CONVERSION = YES;
				CLANG_WARN_OBJC_IMPLICIT_RETAIN_SELF = YES;
				CLANG_WARN_OBJC_LITERAL_CONVERSION = YES;
				CLANG_WARN_OBJC_ROOT_CLASS = YES_ERROR;
				CLANG_WARN_RANGE_LOOP_ANALYSIS = YES;
				CLANG_WARN_STRICT_PROTOTYPES = YES;
				CLANG_WARN_SUSPICIOUS_MOVE = YES;
				CLANG_WARN_UNGUARDED_AVAILABILITY = YES_AGGRESSIVE;
				CLANG_WARN_UNREACHABLE_CODE = YES;
				CLANG_WARN__DUPLICATE_METHOD_MATCH = YES;
				COPY_PHASE_STRIP = NO;
				DEBUG_INFORMATION_FORMAT = dwarf;
				ENABLE_STRICT_OBJC_MSGSEND = YES;
				ENABLE_TESTABILITY = YES;
				GCC_C_LANGUAGE_STANDARD = gnu11;
				GCC_DYNAMIC_NO_PIC = NO;
				GCC_NO_COMMON_BLOCKS = YES;
				GCC_OPTIMIZATION_LEVEL = 0;
				GCC_PREPROCESSOR_DEFINITIONS = (
					"DEBUG=1",
					"$(inherited)",
				);
				GCC_WARN_64_TO_32_BIT_CONVERSION = YES;
				GCC_WARN_ABOUT_RETURN_TYPE = YES_ERROR;
				GCC_WARN_UNDECLARED_SELECTOR = YES;
				GCC_WARN_UNINITIALIZED_AUTOS = YES_AGGRESSIVE;
				GCC_WARN_UNUSED_FUNCTION = YES;
				GCC_WARN_UNUSED_VARIABLE = YES;
				IPHONEOS_DEPLOYMENT_TARGET = 9.0;
				MTL_ENABLE_DEBUG_INFO = INCLUDE_SOURCE;
				MTL_FAST_MATH = YES;
				ONLY_ACTIVE_ARCH = YES;
				SDKROOT = iphoneos;
			};
			name = Debug;
		};
		44A60C6B247F91E8007EF966 /* Release */ = {
			isa = XCBuildConfiguration;
			buildSettings = {
				ALWAYS_SEARCH_USER_PATHS = NO;
				CLANG_ANALYZER_NONNULL = YES;
				CLANG_ANALYZER_NUMBER_OBJECT_CONVERSION = YES_AGGRESSIVE;
				CLANG_CXX_LANGUAGE_STANDARD = "gnu++14";
				CLANG_CXX_LIBRARY = "libc++";
				CLANG_ENABLE_MODULES = YES;
				CLANG_ENABLE_OBJC_ARC = YES;
				CLANG_ENABLE_OBJC_WEAK = YES;
				CLANG_WARN_BLOCK_CAPTURE_AUTORELEASING = YES;
				CLANG_WARN_BOOL_CONVERSION = YES;
				CLANG_WARN_COMMA = YES;
				CLANG_WARN_CONSTANT_CONVERSION = YES;
				CLANG_WARN_DEPRECATED_OBJC_IMPLEMENTATIONS = YES;
				CLANG_WARN_DIRECT_OBJC_ISA_USAGE = YES_ERROR;
				CLANG_WARN_DOCUMENTATION_COMMENTS = YES;
				CLANG_WARN_EMPTY_BODY = YES;
				CLANG_WARN_ENUM_CONVERSION = YES;
				CLANG_WARN_INFINITE_RECURSION = YES;
				CLANG_WARN_INT_CONVERSION = YES;
				CLANG_WARN_NON_LITERAL_NULL_CONVERSION = YES;
				CLANG_WARN_OBJC_IMPLICIT_RETAIN_SELF = YES;
				CLANG_WARN_OBJC_LITERAL_CONVERSION = YES;
				CLANG_WARN_OBJC_ROOT_CLASS = YES_ERROR;
				CLANG_WARN_RANGE_LOOP_ANALYSIS = YES;
				CLANG_WARN_STRICT_PROTOTYPES = YES;
				CLANG_WARN_SUSPICIOUS_MOVE = YES;
				CLANG_WARN_UNGUARDED_AVAILABILITY = YES_AGGRESSIVE;
				CLANG_WARN_UNREACHABLE_CODE = YES;
				CLANG_WARN__DUPLICATE_METHOD_MATCH = YES;
				COPY_PHASE_STRIP = NO;
				DEBUG_INFORMATION_FORMAT = "dwarf-with-dsym";
				ENABLE_NS_ASSERTIONS = NO;
				ENABLE_STRICT_OBJC_MSGSEND = YES;
				GCC_C_LANGUAGE_STANDARD = gnu11;
				GCC_NO_COMMON_BLOCKS = YES;
				GCC_WARN_64_TO_32_BIT_CONVERSION = YES;
				GCC_WARN_ABOUT_RETURN_TYPE = YES_ERROR;
				GCC_WARN_UNDECLARED_SELECTOR = YES;
				GCC_WARN_UNINITIALIZED_AUTOS = YES_AGGRESSIVE;
				GCC_WARN_UNUSED_FUNCTION = YES;
				GCC_WARN_UNUSED_VARIABLE = YES;
				IPHONEOS_DEPLOYMENT_TARGET = 9.0;
				MTL_ENABLE_DEBUG_INFO = NO;
				MTL_FAST_MATH = YES;
				SDKROOT = iphoneos;
				VALIDATE_PRODUCT = YES;
			};
			name = Release;
		};
		44A60C6D247F91E8007EF966 /* Debug */ = {
			isa = XCBuildConfiguration;
			buildSettings = {
				ASSETCATALOG_COMPILER_APPICON_NAME = AppIcon;
				CODE_SIGN_STYLE = Automatic;
				DEVELOPMENT_TEAM = E76WMGHM83;
				INFOPLIST_FILE = RWDeviceEngine/Info.plist;
				LD_RUNPATH_SEARCH_PATHS = (
					"$(inherited)",
					"@executable_path/Frameworks",
				);
				MARKETING_VERSION = 1.0.0;
				PRODUCT_BUNDLE_IDENTIFIER = com.roverword.recall.RWDeviceEngine;
				PRODUCT_NAME = "$(TARGET_NAME)";
				TARGETED_DEVICE_FAMILY = "1,2";
			};
			name = Debug;
		};
		44A60C6E247F91E8007EF966 /* Release */ = {
			isa = XCBuildConfiguration;
			buildSettings = {
				ASSETCATALOG_COMPILER_APPICON_NAME = AppIcon;
				CODE_SIGN_STYLE = Automatic;
				DEVELOPMENT_TEAM = E76WMGHM83;
				INFOPLIST_FILE = RWDeviceEngine/Info.plist;
				LD_RUNPATH_SEARCH_PATHS = (
					"$(inherited)",
					"@executable_path/Frameworks",
				);
				MARKETING_VERSION = 1.0.0;
				PRODUCT_BUNDLE_IDENTIFIER = com.roverword.recall.RWDeviceEngine;
				PRODUCT_NAME = "$(TARGET_NAME)";
				TARGETED_DEVICE_FAMILY = "1,2";
			};
			name = Release;
		};
/* End XCBuildConfiguration section */

/* Begin XCConfigurationList section */
		44A60C4E247F91E4007EF966 /* Build configuration list for PBXProject "RWDeviceEngine" */ = {
			isa = XCConfigurationList;
			buildConfigurations = (
				44A60C6A247F91E8007EF966 /* Debug */,
				44A60C6B247F91E8007EF966 /* Release */,
			);
			defaultConfigurationIsVisible = 0;
			defaultConfigurationName = Release;
		};
		44A60C6C247F91E8007EF966 /* Build configuration list for PBXNativeTarget "RWDeviceEngine" */ = {
			isa = XCConfigurationList;
			buildConfigurations = (
				44A60C6D247F91E8007EF966 /* Debug */,
				44A60C6E247F91E8007EF966 /* Release */,
			);
			defaultConfigurationIsVisible = 0;
			defaultConfigurationName = Release;
		};
/* End XCConfigurationList section */
	};
	rootObject = 44A60C4B247F91E4007EF966 /* Project object */;
}
